
Microsoft Visual Studio Solution File, Format Version 12.00
# Visual Studio Version 16
VisualStudioVersion = 25.0.1700.7
MinimumVisualStudioVersion = 10.0.40219.1
Project("{FAE04EC0-301F-11D3-BF4B-00C04F79EFBC}") = "CrossThePondUKToUSWords", "CrossThePondUKToUSWords\CrossThePondUKToUSWords.csproj", "{0B704CC8-CC8F-4554-9B23-8D59557AB2B4}"
EndProject
Global
	GlobalSection(SolutionConfigurationPlatforms) = preSolution
		Debug|Any CPU = Debug|Any CPU
		Release|Any CPU = Release|Any CPU
	EndGlobalSection
	GlobalSection(ProjectConfigurationPlatforms) = postSolution
		{0B704CC8-CC8F-4554-9B23-8D59557AB2B4}.Debug|Any CPU.ActiveCfg = Debug|Any CPU
		{0B704CC8-CC8F-4554-9B23-8D59557AB2B4}.Debug|Any CPU.Build.0 = Debug|Any CPU
		{0B704CC8-CC8F-4554-9B23-8D59557AB2B4}.Release|Any CPU.ActiveCfg = Release|Any CPU
		{0B704CC8-CC8F-4554-9B23-8D59557AB2B4}.Release|Any CPU.Build.0 = Release|Any CPU
	EndGlobalSection
	GlobalSection(SolutionProperties) = preSolution
		HideSolutionNode = FALSE
	EndGlobalSection
	GlobalSection(ExtensibilityGlobals) = postSolution
		SolutionGuid = {A47A9E02-49CB-4750-A34F-C889DCAEFCD5}
	EndGlobalSection
EndGlobal
